<Solution>
  <Folder Name="/sampleapps/">
    <Project Path="sampleapps/MicrosoftAgentFrameworkSample/MicrosoftAgentFrameworkSample.csproj" />
    <Project Path="sampleapps/ChatBotUI/ChatBotUI.csproj" />
    <Project Path="sampleapps/StreamingAgent/StreamingAgent.csproj" />
  </Folder>
  <Folder Name="/src/">
    <Project Path="src/AWS.AgentCore.SourceGenerator/AWS.AgentCore.SourceGenerator.csproj" />
    <Project Path="src/AWS.AgentCore/AWS.AgentCore.csproj" />
  </Folder>
  <Folder Name="/test/">
    <Project Path="test/AWS.AgentCore.UnitTests/AWS.AgentCore.UnitTests.csproj" />
  </Folder>
</Solution>
